// !$*UTF8*$!
{
	archiveVersion = 1;
	classes = {
	};
	objectVersion = 48;
	objects = {

/* Begin PBXBuildFile section */
		05A7EC75C1D81A084E08A217 /* Pods_MistletoeTests.framework in Frameworks */ = {isa = PBXBuildFile; fileRef = 8CE9C38BBC553655B7A70C4A /* Pods_MistletoeTests.framework */; };
		21CAF869CCBFE7C416E721F6 /* Pods_Mistletoe.framework in Frameworks */ = {isa = PBXBuildFile; fileRef = F0E169F8EFE711226977301D /* Pods_Mistletoe.framework */; };
		2839ABB683E0ADFB969878C6 /* Pods_MistletoeUITests.framework in Frameworks */ = {isa = PBXBuildFile; fileRef = 4C335066E7081D39D92C74E7 /* Pods_MistletoeUITests.framework */; };
		314564512008D27700D11E42 /* AppDelegate.swift in Sources */ = {isa = PBXBuildFile; fileRef = 314564502008D27700D11E42 /* AppDelegate.swift */; };
		314564532008D27700D11E42 /* ViewController.swift in Sources */ = {isa = PBXBuildFile; fileRef = 314564522008D27700D11E42 /* ViewController.swift */; };
		314564562008D27700D11E42 /* Main.storyboard in Resources */ = {isa = PBXBuildFile; fileRef = 314564542008D27700D11E42 /* Main.storyboard */; };
		314564582008D27700D11E42 /* Assets.xcassets in Resources */ = {isa = PBXBuildFile; fileRef = 314564572008D27700D11E42 /* Assets.xcassets */; };
		3145645B2008D27700D11E42 /* LaunchScreen.storyboard in Resources */ = {isa = PBXBuildFile; fileRef = 314564592008D27700D11E42 /* LaunchScreen.storyboard */; };
		314564662008D27800D11E42 /* MistletoeTests.swift in Sources */ = {isa = PBXBuildFile; fileRef = 314564652008D27800D11E42 /* MistletoeTests.swift */; };
		314564712008D27800D11E42 /* MistletoeUITests.swift in Sources */ = {isa = PBXBuildFile; fileRef = 314564702008D27800D11E42 /* MistletoeUITests.swift */; };
/* End PBXBuildFile section */

/* Begin PBXContainerItemProxy section */
		314564622008D27800D11E42 /* PBXContainerItemProxy */ = {
			isa = PBXContainerItemProxy;
			containerPortal = 314564452008D27700D11E42 /* Project object */;
			proxyType = 1;
			remoteGlobalIDString = 3145644C2008D27700D11E42;
			remoteInfo = Mistletoe;
		};
		3145646D2008D27800D11E42 /* PBXContainerItemProxy */ = {
			isa = PBXContainerItemProxy;
			containerPortal = 314564452008D27700D11E42 /* Project object */;
			proxyType = 1;
			remoteGlobalIDString = 3145644C2008D27700D11E42;
			remoteInfo = Mistletoe;
		};
/* End PBXContainerItemProxy section */

/* Begin PBXFileReference section */
		181749576F6FBC5C9101F1EF /* Pods-Mistletoe.release.xcconfig */ = {isa = PBXFileReference; includeInIndex = 1; lastKnownFileType = text.xcconfig; name = "Pods-Mistletoe.release.xcconfig"; path = "Pods/Target Support Files/Pods-Mistletoe/Pods-Mistletoe.release.xcconfig"; sourceTree = "<group>"; };
		3145644D2008D27700D11E42 /* Mistletoe.app */ = {isa = PBXFileReference; explicitFileType = wrapper.application; includeInIndex = 0; path = Mistletoe.app; sourceTree = BUILT_PRODUCTS_DIR; };
		314564502008D27700D11E42 /* AppDelegate.swift */ = {isa = PBXFileReference; lastKnownFileType = sourcecode.swift; path = AppDelegate.swift; sourceTree = "<group>"; };
		314564522008D27700D11E42 /* ViewController.swift */ = {isa = PBXFileReference; lastKnownFileType = sourcecode.swift; path = ViewController.swift; sourceTree = "<group>"; };
		314564552008D27700D11E42 /* Base */ = {isa = PBXFileReference; lastKnownFileType = file.storyboard; name = Base; path = Base.lproj/Main.storyboard; sourceTree = "<group>"; };
		314564572008D27700D11E42 /* Assets.xcassets */ = {isa = PBXFileReference; lastKnownFileType = folder.assetcatalog; path = Assets.xcassets; sourceTree = "<group>"; };
		3145645A2008D27700D11E42 /* Base */ = {isa = PBXFileReference; lastKnownFileType = file.storyboard; name = Base; path = Base.lproj/LaunchScreen.storyboard; sourceTree = "<group>"; };
		3145645C2008D27700D11E42 /* Info.plist */ = {isa = PBXFileReference; lastKnownFileType = text.plist.xml; path = Info.plist; sourceTree = "<group>"; };
		314564612008D27800D11E42 /* MistletoeTests.xctest */ = {isa = PBXFileReference; explicitFileType = wrapper.cfbundle; includeInIndex = 0; path = MistletoeTests.xctest; sourceTree = BUILT_PRODUCTS_DIR; };
		314564652008D27800D11E42 /* MistletoeTests.swift */ = {isa = PBXFileReference; lastKnownFileType = sourcecode.swift; path = MistletoeTests.swift; sourceTree = "<group>"; };
		314564672008D27800D11E42 /* Info.plist */ = {isa = PBXFileReference; lastKnownFileType = text.plist.xml; path = Info.plist; sourceTree = "<group>"; };
		3145646C2008D27800D11E42 /* MistletoeUITests.xctest */ = {isa = PBXFileReference; explicitFileType = wrapper.cfbundle; includeInIndex = 0; path = MistletoeUITests.xctest; sourceTree = BUILT_PRODUCTS_DIR; };
		314564702008D27800D11E42 /* MistletoeUITests.swift */ = {isa = PBXFileReference; lastKnownFileType = sourcecode.swift; path = MistletoeUITests.swift; sourceTree = "<group>"; };
		314564722008D27800D11E42 /* Info.plist */ = {isa = PBXFileReference; lastKnownFileType = text.plist.xml; path = Info.plist; sourceTree = "<group>"; };
		4C335066E7081D39D92C74E7 /* Pods_MistletoeUITests.framework */ = {isa = PBXFileReference; explicitFileType = wrapper.framework; includeInIndex = 0; path = Pods_MistletoeUITests.framework; sourceTree = BUILT_PRODUCTS_DIR; };
		5ADB2785EF17EAA96623778E /* Pods-MistletoeTests.release.xcconfig */ = {isa = PBXFileReference; includeInIndex = 1; lastKnownFileType = text.xcconfig; name = "Pods-MistletoeTests.release.xcconfig"; path = "Pods/Target Support Files/Pods-MistletoeTests/Pods-MistletoeTests.release.xcconfig"; sourceTree = "<group>"; };
		6BEB02867B43042A14178495 /* Pods-Mistletoe.debug.xcconfig */ = {isa = PBXFileReference; includeInIndex = 1; lastKnownFileType = text.xcconfig; name = "Pods-Mistletoe.debug.xcconfig"; path = "Pods/Target Support Files/Pods-Mistletoe/Pods-Mistletoe.debug.xcconfig"; sourceTree = "<group>"; };
		7BC71188DEE24C648315E013 /* Pods-MistletoeUITests.debug.xcconfig */ = {isa = PBXFileReference; includeInIndex = 1; lastKnownFileType = text.xcconfig; name = "Pods-MistletoeUITests.debug.xcconfig"; path = "Pods/Target Support Files/Pods-MistletoeUITests/Pods-MistletoeUITests.debug.xcconfig"; sourceTree = "<group>"; };
		8CE9C38BBC553655B7A70C4A /* Pods_MistletoeTests.framework */ = {isa = PBXFileReference; explicitFileType = wrapper.framework; includeInIndex = 0; path = Pods_MistletoeTests.framework; sourceTree = BUILT_PRODUCTS_DIR; };
		CDC49547743AE21A9C8E9453 /* Pods-MistletoeUITests.release.xcconfig */ = {isa = PBXFileReference; includeInIndex = 1; lastKnownFileType = text.xcconfig; name = "Pods-MistletoeUITests.release.xcconfig"; path = "Pods/Target Support Files/Pods-MistletoeUITests/Pods-MistletoeUITests.release.xcconfig"; sourceTree = "<group>"; };
		F0E169F8EFE711226977301D /* Pods_Mistletoe.framework */ = {isa = PBXFileReference; explicitFileType = wrapper.framework; includeInIndex = 0; path = Pods_Mistletoe.framework; sourceTree = BUILT_PRODUCTS_DIR; };
		F366DE1ADD8FCF0D6AF59163 /* Pods-MistletoeTests.debug.xcconfig */ = {isa = PBXFileReference; includeInIndex = 1; lastKnownFileType = text.xcconfig; name = "Pods-MistletoeTests.debug.xcconfig"; path = "Pods/Target Support Files/Pods-MistletoeTests/Pods-MistletoeTests.debug.xcconfig"; sourceTree = "<group>"; };
/* End PBXFileReference section */

/* Begin PBXFrameworksBuildPhase section */
		3145644A2008D27700D11E42 /* Frameworks */ = {
			isa = PBXFrameworksBuildPhase;
			buildActionMask = 2147483647;
			files = (
				21CAF869CCBFE7C416E721F6 /* Pods_Mistletoe.framework in Frameworks */,
			);
			runOnlyForDeploymentPostprocessing = 0;
		};
		3145645E2008D27800D11E42 /* Frameworks */ = {
			isa = PBXFrameworksBuildPhase;
			buildActionMask = 2147483647;
			files = (
				05A7EC75C1D81A084E08A217 /* Pods_MistletoeTests.framework in Frameworks */,
			);
			runOnlyForDeploymentPostprocessing = 0;
		};
		314564692008D27800D11E42 /* Frameworks */ = {
			isa = PBXFrameworksBuildPhase;
			buildActionMask = 2147483647;
			files = (
				2839ABB683E0ADFB969878C6 /* Pods_MistletoeUITests.framework in Frameworks */,
			);
			runOnlyForDeploymentPostprocessing = 0;
		};
/* End PBXFrameworksBuildPhase section */

/* Begin PBXGroup section */
		314564442008D27700D11E42 = {
			isa = PBXGroup;
			children = (
				3145644F2008D27700D11E42 /* Mistletoe */,
				314564642008D27800D11E42 /* MistletoeTests */,
				3145646F2008D27800D11E42 /* MistletoeUITests */,
				3145644E2008D27700D11E42 /* Products */,
				36DADB1F1EBE2F86322AD037 /* Pods */,
				C9BED4EB69188B099664CBBB /* Frameworks */,
			);
			sourceTree = "<group>";
		};
		3145644E2008D27700D11E42 /* Products */ = {
			isa = PBXGroup;
			children = (
				3145644D2008D27700D11E42 /* Mistletoe.app */,
				314564612008D27800D11E42 /* MistletoeTests.xctest */,
				3145646C2008D27800D11E42 /* MistletoeUITests.xctest */,
			);
			name = Products;
			sourceTree = "<group>";
		};
		3145644F2008D27700D11E42 /* Mistletoe */ = {
			isa = PBXGroup;
			children = (
				314564502008D27700D11E42 /* AppDelegate.swift */,
				314564522008D27700D11E42 /* ViewController.swift */,
				314564542008D27700D11E42 /* Main.storyboard */,
				314564572008D27700D11E42 /* Assets.xcassets */,
				314564592008D27700D11E42 /* LaunchScreen.storyboard */,
				3145645C2008D27700D11E42 /* Info.plist */,
			);
			path = Mistletoe;
			sourceTree = "<group>";
		};
		314564642008D27800D11E42 /* MistletoeTests */ = {
			isa = PBXGroup;
			children = (
				314564652008D27800D11E42 /* MistletoeTests.swift */,
				314564672008D27800D11E42 /* Info.plist */,
			);
			path = MistletoeTests;
			sourceTree = "<group>";
		};
		3145646F2008D27800D11E42 /* MistletoeUITests */ = {
			isa = PBXGroup;
			children = (
				314564702008D27800D11E42 /* MistletoeUITests.swift */,
				314564722008D27800D11E42 /* Info.plist */,
			);
			path = MistletoeUITests;
			sourceTree = "<group>";
		};
		36DADB1F1EBE2F86322AD037 /* Pods */ = {
			isa = PBXGroup;
			children = (
				6BEB02867B43042A14178495 /* Pods-Mistletoe.debug.xcconfig */,
				181749576F6FBC5C9101F1EF /* Pods-Mistletoe.release.xcconfig */,
				F366DE1ADD8FCF0D6AF59163 /* Pods-MistletoeTests.debug.xcconfig */,
				5ADB2785EF17EAA96623778E /* Pods-MistletoeTests.release.xcconfig */,
				7BC71188DEE24C648315E013 /* Pods-MistletoeUITests.debug.xcconfig */,
				CDC49547743AE21A9C8E9453 /* Pods-MistletoeUITests.release.xcconfig */,
			);
			name = Pods;
			sourceTree = "<group>";
		};
		C9BED4EB69188B099664CBBB /* Frameworks */ = {
			isa = PBXGroup;
			children = (
				F0E169F8EFE711226977301D /* Pods_Mistletoe.framework */,
				8CE9C38BBC553655B7A70C4A /* Pods_MistletoeTests.framework */,
				4C335066E7081D39D92C74E7 /* Pods_MistletoeUITests.framework */,
			);
			name = Frameworks;
			sourceTree = "<group>";
		};
/* End PBXGroup section */

/* Begin PBXNativeTarget section */
		3145644C2008D27700D11E42 /* Mistletoe */ = {
			isa = PBXNativeTarget;
			buildConfigurationList = 314564752008D27800D11E42 /* Build configuration list for PBXNativeTarget "Mistletoe" */;
			buildPhases = (
				19DE2231C411C32A635E1D43 /* [CP] Check Pods Manifest.lock */,
				314564492008D27700D11E42 /* Sources */,
				3145644A2008D27700D11E42 /* Frameworks */,
				3145644B2008D27700D11E42 /* Resources */,
				55C568BB8734EE8C1DE496A0 /* [CP] Embed Pods Frameworks */,
				B36A8216D74DD804110DA71C /* [CP] Copy Pods Resources */,
			);
			buildRules = (
			);
			dependencies = (
			);
			name = Mistletoe;
			productName = Mistletoe;
			productReference = 3145644D2008D27700D11E42 /* Mistletoe.app */;
			productType = "com.apple.product-type.application";
		};
		314564602008D27800D11E42 /* MistletoeTests */ = {
			isa = PBXNativeTarget;
			buildConfigurationList = 314564782008D27800D11E42 /* Build configuration list for PBXNativeTarget "MistletoeTests" */;
			buildPhases = (
				425656DD55AC7104256B09FD /* [CP] Check Pods Manifest.lock */,
				3145645D2008D27800D11E42 /* Sources */,
				3145645E2008D27800D11E42 /* Frameworks */,
				3145645F2008D27800D11E42 /* Resources */,
				A5C49A4328E0E9CD8334DCC5 /* [CP] Embed Pods Frameworks */,
				AE3EA5409FE8BD394EB803BF /* [CP] Copy Pods Resources */,
			);
			buildRules = (
			);
			dependencies = (
				314564632008D27800D11E42 /* PBXTargetDependency */,
			);
			name = MistletoeTests;
			productName = MistletoeTests;
			productReference = 314564612008D27800D11E42 /* MistletoeTests.xctest */;
			productType = "com.apple.product-type.bundle.unit-test";
		};
		3145646B2008D27800D11E42 /* MistletoeUITests */ = {
			isa = PBXNativeTarget;
			buildConfigurationList = 3145647B2008D27800D11E42 /* Build configuration list for PBXNativeTarget "MistletoeUITests" */;
			buildPhases = (
				C9919545FAEF5D346C37826A /* [CP] Check Pods Manifest.lock */,
				314564682008D27800D11E42 /* Sources */,
				314564692008D27800D11E42 /* Frameworks */,
				3145646A2008D27800D11E42 /* Resources */,
				9B4079591AE127568ADA3D98 /* [CP] Embed Pods Frameworks */,
				5856780C4F658CFCCA6DC21C /* [CP] Copy Pods Resources */,
			);
			buildRules = (
			);
			dependencies = (
				3145646E2008D27800D11E42 /* PBXTargetDependency */,
			);
			name = MistletoeUITests;
			productName = MistletoeUITests;
			productReference = 3145646C2008D27800D11E42 /* MistletoeUITests.xctest */;
			productType = "com.apple.product-type.bundle.ui-testing";
		};
/* End PBXNativeTarget section */

/* Begin PBXProject section */
		314564452008D27700D11E42 /* Project object */ = {
			isa = PBXProject;
			attributes = {
				LastSwiftUpdateCheck = 0920;
				LastUpgradeCheck = 0920;
				ORGANIZATIONNAME = Heavenlapse;
				TargetAttributes = {
					3145644C2008D27700D11E42 = {
						CreatedOnToolsVersion = 9.2;
						ProvisioningStyle = Automatic;
					};
					314564602008D27800D11E42 = {
						CreatedOnToolsVersion = 9.2;
						ProvisioningStyle = Automatic;
						TestTargetID = 3145644C2008D27700D11E42;
					};
					3145646B2008D27800D11E42 = {
						CreatedOnToolsVersion = 9.2;
						ProvisioningStyle = Automatic;
						TestTargetID = 3145644C2008D27700D11E42;
					};
				};
			};
			buildConfigurationList = 314564482008D27700D11E42 /* Build configuration list for PBXProject "Mistletoe" */;
			compatibilityVersion = "Xcode 8.0";
			developmentRegion = en;
			hasScannedForEncodings = 0;
			knownRegions = (
				en,
				Base,
			);
			mainGroup = 314564442008D27700D11E42;
			productRefGroup = 3145644E2008D27700D11E42 /* Products */;
			projectDirPath = "";
			projectRoot = "";
			targets = (
				3145644C2008D27700D11E42 /* Mistletoe */,
				314564602008D27800D11E42 /* MistletoeTests */,
				3145646B2008D27800D11E42 /* MistletoeUITests */,
			);
		};
/* End PBXProject section */

/* Begin PBXResourcesBuildPhase section */
		3145644B2008D27700D11E42 /* Resources */ = {
			isa = PBXResourcesBuildPhase;
			buildActionMask = 2147483647;
			files = (
				3145645B2008D27700D11E42 /* LaunchScreen.storyboard in Resources */,
				314564582008D27700D11E42 /* Assets.xcassets in Resources */,
				314564562008D27700D11E42 /* Main.storyboard in Resources */,
			);
			runOnlyForDeploymentPostprocessing = 0;
		};
		3145645F2008D27800D11E42 /* Resources */ = {
			isa = PBXResourcesBuildPhase;
			buildActionMask = 2147483647;
			files = (
			);
			runOnlyForDeploymentPostprocessing = 0;
		};
		3145646A2008D27800D11E42 /* Resources */ = {
			isa = PBXResourcesBuildPhase;
			buildActionMask = 2147483647;
			files = (
			);
			runOnlyForDeploymentPostprocessing = 0;
		};
/* End PBXResourcesBuildPhase section */

/* Begin PBXShellScriptBuildPhase section */
		19DE2231C411C32A635E1D43 /* [CP] Check Pods Manifest.lock */ = {
			isa = PBXShellScriptBuildPhase;
			buildActionMask = 2147483647;
			files = (
			);
			inputPaths = (
				"${PODS_PODFILE_DIR_PATH}/Podfile.lock",
				"${PODS_ROOT}/Manifest.lock",
			);
			name = "[CP] Check Pods Manifest.lock";
			outputPaths = (
				"$(DERIVED_FILE_DIR)/Pods-Mistletoe-checkManifestLockResult.txt",
			);
			runOnlyForDeploymentPostprocessing = 0;
			shellPath = /bin/sh;
			shellScript = "diff \"${PODS_PODFILE_DIR_PATH}/Podfile.lock\" \"${PODS_ROOT}/Manifest.lock\" > /dev/null\nif [ $? != 0 ] ; then\n    # print error to STDERR\n    echo \"error: The sandbox is not in sync with the Podfile.lock. Run 'pod install' or update your CocoaPods installation.\" >&2\n    exit 1\nfi\n# This output is used by Xcode 'outputs' to avoid re-running this script phase.\necho \"SUCCESS\" > \"${SCRIPT_OUTPUT_FILE_0}\"\n";
			showEnvVarsInLog = 0;
		};
		425656DD55AC7104256B09FD /* [CP] Check Pods Manifest.lock */ = {
			isa = PBXShellScriptBuildPhase;
			buildActionMask = 2147483647;
			files = (
			);
			inputPaths = (
				"${PODS_PODFILE_DIR_PATH}/Podfile.lock",
				"${PODS_ROOT}/Manifest.lock",
			);
			name = "[CP] Check Pods Manifest.lock";
			outputPaths = (
				"$(DERIVED_FILE_DIR)/Pods-MistletoeTests-checkManifestLockResult.txt",
			);
			runOnlyForDeploymentPostprocessing = 0;
			shellPath = /bin/sh;
			shellScript = "diff \"${PODS_PODFILE_DIR_PATH}/Podfile.lock\" \"${PODS_ROOT}/Manifest.lock\" > /dev/null\nif [ $? != 0 ] ; then\n    # print error to STDERR\n    echo \"error: The sandbox is not in sync with the Podfile.lock. Run 'pod install' or update your CocoaPods installation.\" >&2\n    exit 1\nfi\n# This output is used by Xcode 'outputs' to avoid re-running this script phase.\necho \"SUCCESS\" > \"${SCRIPT_OUTPUT_FILE_0}\"\n";
			showEnvVarsInLog = 0;
		};
		55C568BB8734EE8C1DE496A0 /* [CP] Embed Pods Frameworks */ = {
			isa = PBXShellScriptBuildPhase;
			buildActionMask = 2147483647;
			files = (
			);
			inputPaths = (
			);
			name = "[CP] Embed Pods Frameworks";
			outputPaths = (
			);
			runOnlyForDeploymentPostprocessing = 0;
			shellPath = /bin/sh;
			shellScript = "\"${SRCROOT}/Pods/Target Support Files/Pods-Mistletoe/Pods-Mistletoe-frameworks.sh\"\n";
			showEnvVarsInLog = 0;
		};
		5856780C4F658CFCCA6DC21C /* [CP] Copy Pods Resources */ = {
			isa = PBXShellScriptBuildPhase;
			buildActionMask = 2147483647;
			files = (
			);
			inputPaths = (
			);
			name = "[CP] Copy Pods Resources";
			outputPaths = (
			);
			runOnlyForDeploymentPostprocessing = 0;
			shellPath = /bin/sh;
			shellScript = "\"${SRCROOT}/Pods/Target Support Files/Pods-MistletoeUITests/Pods-MistletoeUITests-resources.sh\"\n";
			showEnvVarsInLog = 0;
		};
		9B4079591AE127568ADA3D98 /* [CP] Embed Pods Frameworks */ = {
			isa = PBXShellScriptBuildPhase;
			buildActionMask = 2147483647;
			files = (
			);
			inputPaths = (
			);
			name = "[CP] Embed Pods Frameworks";
			outputPaths = (
			);
			runOnlyForDeploymentPostprocessing = 0;
			shellPath = /bin/sh;
			shellScript = "\"${SRCROOT}/Pods/Target Support Files/Pods-MistletoeUITests/Pods-MistletoeUITests-frameworks.sh\"\n";
			showEnvVarsInLog = 0;
		};
		A5C49A4328E0E9CD8334DCC5 /* [CP] Embed Pods Frameworks */ = {
			isa = PBXShellScriptBuildPhase;
			buildActionMask = 2147483647;
			files = (
			);
			inputPaths = (
			);
			name = "[CP] Embed Pods Frameworks";
			outputPaths = (
			);
			runOnlyForDeploymentPostprocessing = 0;
			shellPath = /bin/sh;
			shellScript = "\"${SRCROOT}/Pods/Target Support Files/Pods-MistletoeTests/Pods-MistletoeTests-frameworks.sh\"\n";
			showEnvVarsInLog = 0;
		};
		AE3EA5409FE8BD394EB803BF /* [CP] Copy Pods Resources */ = {
			isa = PBXShellScriptBuildPhase;
			buildActionMask = 2147483647;
			files = (
			);
			inputPaths = (
			);
			name = "[CP] Copy Pods Resources";
			outputPaths = (
			);
			runOnlyForDeploymentPostprocessing = 0;
			shellPath = /bin/sh;
			shellScript = "\"${SRCROOT}/Pods/Target Support Files/Pods-MistletoeTests/Pods-MistletoeTests-resources.sh\"\n";
			showEnvVarsInLog = 0;
		};
		B36A8216D74DD804110DA71C /* [CP] Copy Pods Resources */ = {
			isa = PBXShellScriptBuildPhase;
			buildActionMask = 2147483647;
			files = (
			);
			inputPaths = (
			);
			name = "[CP] Copy Pods Resources";
			outputPaths = (
			);
			runOnlyForDeploymentPostprocessing = 0;
			shellPath = /bin/sh;
			shellScript = "\"${SRCROOT}/Pods/Target Support Files/Pods-Mistletoe/Pods-Mistletoe-resources.sh\"\n";
			showEnvVarsInLog = 0;
		};
		C9919545FAEF5D346C37826A /* [CP] Check Pods Manifest.lock */ = {
			isa = PBXShellScriptBuildPhase;
			buildActionMask = 2147483647;
			files = (
			);
			inputPaths = (
				"${PODS_PODFILE_DIR_PATH}/Podfile.lock",
				"${PODS_ROOT}/Manifest.lock",
			);
			name = "[CP] Check Pods Manifest.lock";
			outputPaths = (
				"$(DERIVED_FILE_DIR)/Pods-MistletoeUITests-checkManifestLockResult.txt",
			);
			runOnlyForDeploymentPostprocessing = 0;
			shellPath = /bin/sh;
			shellScript = "diff \"${PODS_PODFILE_DIR_PATH}/Podfile.lock\" \"${PODS_ROOT}/Manifest.lock\" > /dev/null\nif [ $? != 0 ] ; then\n    # print error to STDERR\n    echo \"error: The sandbox is not in sync with the Podfile.lock. Run 'pod install' or update your CocoaPods installation.\" >&2\n    exit 1\nfi\n# This output is used by Xcode 'outputs' to avoid re-running this script phase.\necho \"SUCCESS\" > \"${SCRIPT_OUTPUT_FILE_0}\"\n";
			showEnvVarsInLog = 0;
		};
/* End PBXShellScriptBuildPhase section */

/* Begin PBXSourcesBuildPhase section */
		314564492008D27700D11E42 /* Sources */ = {
			isa = PBXSourcesBuildPhase;
			buildActionMask = 2147483647;
			files = (
				314564532008D27700D11E42 /* ViewController.swift in Sources */,
				314564512008D27700D11E42 /* AppDelegate.swift in Sources */,
			);
			runOnlyForDeploymentPostprocessing = 0;
		};
		3145645D2008D27800D11E42 /* Sources */ = {
			isa = PBXSourcesBuildPhase;
			buildActionMask = 2147483647;
			files = (
				314564662008D27800D11E42 /* MistletoeTests.swift in Sources */,
			);
			runOnlyForDeploymentPostprocessing = 0;
		};
		314564682008D27800D11E42 /* Sources */ = {
			isa = PBXSourcesBuildPhase;
			buildActionMask = 2147483647;
			files = (
				314564712008D27800D11E42 /* MistletoeUITests.swift in Sources */,
			);
			runOnlyForDeploymentPostprocessing = 0;
		};
/* End PBXSourcesBuildPhase section */

/* Begin PBXTargetDependency section */
		314564632008D27800D11E42 /* PBXTargetDependency */ = {
			isa = PBXTargetDependency;
			target = 3145644C2008D27700D11E42 /* Mistletoe */;
			targetProxy = 314564622008D27800D11E42 /* PBXContainerItemProxy */;
		};
		3145646E2008D27800D11E42 /* PBXTargetDependency */ = {
			isa = PBXTargetDependency;
			target = 3145644C2008D27700D11E42 /* Mistletoe */;
			targetProxy = 3145646D2008D27800D11E42 /* PBXContainerItemProxy */;
		};
/* End PBXTargetDependency section */

/* Begin PBXVariantGroup section */
		314564542008D27700D11E42 /* Main.storyboard */ = {
			isa = PBXVariantGroup;
			children = (
				314564552008D27700D11E42 /* Base */,
			);
			name = Main.storyboard;
			sourceTree = "<group>";
		};
		314564592008D27700D11E42 /* LaunchScreen.storyboard */ = {
			isa = PBXVariantGroup;
			children = (
				3145645A2008D27700D11E42 /* Base */,
			);
			name = LaunchScreen.storyboard;
			sourceTree = "<group>";
		};
/* End PBXVariantGroup section */

/* Begin XCBuildConfiguration section */
		314564732008D27800D11E42 /* Debug */ = {
			isa = XCBuildConfiguration;
			buildSettings = {
				ALWAYS_SEARCH_USER_PATHS = NO;
				CLANG_ANALYZER_NONNULL = YES;
				CLANG_ANALYZER_NUMBER_OBJECT_CONVERSION = YES_AGGRESSIVE;
				CLANG_CXX_LANGUAGE_STANDARD = "gnu++14";
				CLANG_CXX_LIBRARY = "libc++";
				CLANG_ENABLE_MODULES = YES;
				CLANG_ENABLE_OBJC_ARC = YES;
				CLANG_WARN_BLOCK_CAPTURE_AUTORELEASING = YES;
				CLANG_WARN_BOOL_CONVERSION = YES;
				CLANG_WARN_COMMA = YES;
				CLANG_WARN_CONSTANT_CONVERSION = YES;
				CLANG_WARN_DIRECT_OBJC_ISA_USAGE = YES_ERROR;
				CLANG_WARN_DOCUMENTATION_COMMENTS = YES;
				CLANG_WARN_EMPTY_BODY = YES;
				CLANG_WARN_ENUM_CONVERSION = YES;
				CLANG_WARN_INFINITE_RECURSION = YES;
				CLANG_WARN_INT_CONVERSION = YES;
				CLANG_WARN_NON_LITERAL_NULL_CONVERSION = YES;
				CLANG_WARN_OBJC_LITERAL_CONVERSION = YES;
				CLANG_WARN_OBJC_ROOT_CLASS = YES_ERROR;
				CLANG_WARN_RANGE_LOOP_ANALYSIS = YES;
				CLANG_WARN_STRICT_PROTOTYPES = YES;
				CLANG_WARN_SUSPICIOUS_MOVE = YES;
				CLANG_WARN_UNGUARDED_AVAILABILITY = YES_AGGRESSIVE;
				CLANG_WARN_UNREACHABLE_CODE = YES;
				CLANG_WARN__DUPLICATE_METHOD_MATCH = YES;
				CODE_SIGN_IDENTITY = "iPhone Developer";
				COPY_PHASE_STRIP = NO;
				DEBUG_INFORMATION_FORMAT = dwarf;
				ENABLE_STRICT_OBJC_MSGSEND = YES;
				ENABLE_TESTABILITY = YES;
				GCC_C_LANGUAGE_STANDARD = gnu11;
				GCC_DYNAMIC_NO_PIC = NO;
				GCC_NO_COMMON_BLOCKS = YES;
				GCC_OPTIMIZATION_LEVEL = 0;
				GCC_PREPROCESSOR_DEFINITIONS = (
					"DEBUG=1",
					"$(inherited)",
				);
				GCC_WARN_64_TO_32_BIT_CONVERSION = YES;
				GCC_WARN_ABOUT_RETURN_TYPE = YES_ERROR;
				GCC_WARN_UNDECLARED_SELECTOR = YES;
				GCC_WARN_UNINITIALIZED_AUTOS = YES_AGGRESSIVE;
				GCC_WARN_UNUSED_FUNCTION = YES;
				GCC_WARN_UNUSED_VARIABLE = YES;
				IPHONEOS_DEPLOYMENT_TARGET = 11.2;
				MTL_ENABLE_DEBUG_INFO = YES;
				ONLY_ACTIVE_ARCH = YES;
				SDKROOT = iphoneos;
				SWIFT_ACTIVE_COMPILATION_CONDITIONS = DEBUG;
				SWIFT_OPTIMIZATION_LEVEL = "-Onone";
			};
			name = Debug;
		};
		314564742008D27800D11E42 /* Release */ = {
			isa = XCBuildConfiguration;
			buildSettings = {
				ALWAYS_SEARCH_USER_PATHS = NO;
				CLANG_ANALYZER_NONNULL = YES;
				CLANG_ANALYZER_NUMBER_OBJECT_CONVERSION = YES_AGGRESSIVE;
				CLANG_CXX_LANGUAGE_STANDARD = "gnu++14";
				CLANG_CXX_LIBRARY = "libc++";
				CLANG_ENABLE_MODULES = YES;
				CLANG_ENABLE_OBJC_ARC = YES;
				CLANG_WARN_BLOCK_CAPTURE_AUTORELEASING = YES;
				CLANG_WARN_BOOL_CONVERSION = YES;
				CLANG_WARN_COMMA = YES;
				CLANG_WARN_CONSTANT_CONVERSION = YES;
				CLANG_WARN_DIRECT_OBJC_ISA_USAGE = YES_ERROR;
				CLANG_WARN_DOCUMENTATION_COMMENTS = YES;
				CLANG_WARN_EMPTY_BODY = YES;
				CLANG_WARN_ENUM_CONVERSION = YES;
				CLANG_WARN_INFINITE_RECURSION = YES;
				CLANG_WARN_INT_CONVERSION = YES;
				CLANG_WARN_NON_LITERAL_NULL_CONVERSION = YES;
				CLANG_WARN_OBJC_LITERAL_CONVERSION = YES;
				CLANG_WARN_OBJC_ROOT_CLASS = YES_ERROR;
				CLANG_WARN_RANGE_LOOP_ANALYSIS = YES;
				CLANG_WARN_STRICT_PROTOTYPES = YES;
				CLANG_WARN_SUSPICIOUS_MOVE = YES;
				CLANG_WARN_UNGUARDED_AVAILABILITY = YES_AGGRESSIVE;
				CLANG_WARN_UNREACHABLE_CODE = YES;
				CLANG_WARN__DUPLICATE_METHOD_MATCH = YES;
				CODE_SIGN_IDENTITY = "iPhone Developer";
				COPY_PHASE_STRIP = NO;
				DEBUG_INFORMATION_FORMAT = "dwarf-with-dsym";
				ENABLE_NS_ASSERTIONS = NO;
				ENABLE_STRICT_OBJC_MSGSEND = YES;
				GCC_C_LANGUAGE_STANDARD = gnu11;
				GCC_NO_COMMON_BLOCKS = YES;
				GCC_WARN_64_TO_32_BIT_CONVERSION = YES;
				GCC_WARN_ABOUT_RETURN_TYPE = YES_ERROR;
				GCC_WARN_UNDECLARED_SELECTOR = YES;
				GCC_WARN_UNINITIALIZED_AUTOS = YES_AGGRESSIVE;
				GCC_WARN_UNUSED_FUNCTION = YES;
				GCC_WARN_UNUSED_VARIABLE = YES;
				IPHONEOS_DEPLOYMENT_TARGET = 11.2;
				MTL_ENABLE_DEBUG_INFO = NO;
				SDKROOT = iphoneos;
				SWIFT_OPTIMIZATION_LEVEL = "-Owholemodule";
				VALIDATE_PRODUCT = YES;
			};
			name = Release;
		};
		314564762008D27800D11E42 /* Debug */ = {
			isa = XCBuildConfiguration;
			baseConfigurationReference = 6BEB02867B43042A14178495 /* Pods-Mistletoe.debug.xcconfig */;
			buildSettings = {
				ASSETCATALOG_COMPILER_APPICON_NAME = AppIcon;
				CODE_SIGN_STYLE = Automatic;
				INFOPLIST_FILE = Mistletoe/Info.plist;
				LD_RUNPATH_SEARCH_PATHS = "$(inherited) @executable_path/Frameworks";
				PRODUCT_BUNDLE_IDENTIFIER = com.heavenlapse.Mistletoe;
				PRODUCT_NAME = "$(TARGET_NAME)";
				SWIFT_VERSION = 4.0;
				TARGETED_DEVICE_FAMILY = "1,2";
			};
			name = Debug;
		};
		314564772008D27800D11E42 /* Release */ = {
			isa = XCBuildConfiguration;
			baseConfigurationReference = 181749576F6FBC5C9101F1EF /* Pods-Mistletoe.release.xcconfig */;
			buildSettings = {
				ASSETCATALOG_COMPILER_APPICON_NAME = AppIcon;
				CODE_SIGN_STYLE = Automatic;
				INFOPLIST_FILE = Mistletoe/Info.plist;
				LD_RUNPATH_SEARCH_PATHS = "$(inherited) @executable_path/Frameworks";
				PRODUCT_BUNDLE_IDENTIFIER = com.heavenlapse.Mistletoe;
				PRODUCT_NAME = "$(TARGET_NAME)";
				SWIFT_VERSION = 4.0;
				TARGETED_DEVICE_FAMILY = "1,2";
			};
			name = Release;
		};
		314564792008D27800D11E42 /* Debug */ = {
			isa = XCBuildConfiguration;
			baseConfigurationReference = F366DE1ADD8FCF0D6AF59163 /* Pods-MistletoeTests.debug.xcconfig */;
			buildSettings = {
				ALWAYS_EMBED_SWIFT_STANDARD_LIBRARIES = YES;
				BUNDLE_LOADER = "$(TEST_HOST)";
				CODE_SIGN_STYLE = Automatic;
				INFOPLIST_FILE = MistletoeTests/Info.plist;
				LD_RUNPATH_SEARCH_PATHS = "$(inherited) @executable_path/Frameworks @loader_path/Frameworks";
				PRODUCT_BUNDLE_IDENTIFIER = com.heavenlapse.MistletoeTests;
				PRODUCT_NAME = "$(TARGET_NAME)";
				SWIFT_VERSION = 4.0;
				TARGETED_DEVICE_FAMILY = "1,2";
				TEST_HOST = "$(BUILT_PRODUCTS_DIR)/Mistletoe.app/Mistletoe";
			};
			name = Debug;
		};
		3145647A2008D27800D11E42 /* Release */ = {
			isa = XCBuildConfiguration;
			baseConfigurationReference = 5ADB2785EF17EAA96623778E /* Pods-MistletoeTests.release.xcconfig */;
			buildSettings = {
				ALWAYS_EMBED_SWIFT_STANDARD_LIBRARIES = YES;
				BUNDLE_LOADER = "$(TEST_HOST)";
				CODE_SIGN_STYLE = Automatic;
				INFOPLIST_FILE = MistletoeTests/Info.plist;
				LD_RUNPATH_SEARCH_PATHS = "$(inherited) @executable_path/Frameworks @loader_path/Frameworks";
				PRODUCT_BUNDLE_IDENTIFIER = com.heavenlapse.MistletoeTests;
				PRODUCT_NAME = "$(TARGET_NAME)";
				SWIFT_VERSION = 4.0;
				TARGETED_DEVICE_FAMILY = "1,2";
				TEST_HOST = "$(BUILT_PRODUCTS_DIR)/Mistletoe.app/Mistletoe";
			};
			name = Release;
		};
		3145647C2008D27800D11E42 /* Debug */ = {
			isa = XCBuildConfiguration;
			baseConfigurationReference = 7BC71188DEE24C648315E013 /* Pods-MistletoeUITests.debug.xcconfig */;
			buildSettings = {
				ALWAYS_EMBED_SWIFT_STANDARD_LIBRARIES = YES;
				CODE_SIGN_STYLE = Automatic;
				INFOPLIST_FILE = MistletoeUITests/Info.plist;
				LD_RUNPATH_SEARCH_PATHS = "$(inherited) @executable_path/Frameworks @loader_path/Frameworks";
				PRODUCT_BUNDLE_IDENTIFIER = com.heavenlapse.MistletoeUITests;
				PRODUCT_NAME = "$(TARGET_NAME)";
				SWIFT_VERSION = 4.0;
				TARGETED_DEVICE_FAMILY = "1,2";
				TEST_TARGET_NAME = Mistletoe;
			};
			name = Debug;
		};
		3145647D2008D27800D11E42 /* Release */ = {
			isa = XCBuildConfiguration;
			baseConfigurationReference = CDC49547743AE21A9C8E9453 /* Pods-MistletoeUITests.release.xcconfig */;
			buildSettings = {
				ALWAYS_EMBED_SWIFT_STANDARD_LIBRARIES = YES;
				CODE_SIGN_STYLE = Automatic;
				INFOPLIST_FILE = MistletoeUITests/Info.plist;
				LD_RUNPATH_SEARCH_PATHS = "$(inherited) @executable_path/Frameworks @loader_path/Frameworks";
				PRODUCT_BUNDLE_IDENTIFIER = com.heavenlapse.MistletoeUITests;
				PRODUCT_NAME = "$(TARGET_NAME)";
				SWIFT_VERSION = 4.0;
				TARGETED_DEVICE_FAMILY = "1,2";
				TEST_TARGET_NAME = Mistletoe;
			};
			name = Release;
		};
/* End XCBuildConfiguration section */

/* Begin XCConfigurationList section */
		314564482008D27700D11E42 /* Build configuration list for PBXProject "Mistletoe" */ = {
			isa = XCConfigurationList;
			buildConfigurations = (
				314564732008D27800D11E42 /* Debug */,
				314564742008D27800D11E42 /* Release */,
			);
			defaultConfigurationIsVisible = 0;
			defaultConfigurationName = Release;
		};
		314564752008D27800D11E42 /* Build configuration list for PBXNativeTarget "Mistletoe" */ = {
			isa = XCConfigurationList;
			buildConfigurations = (
				314564762008D27800D11E42 /* Debug */,
				314564772008D27800D11E42 /* Release */,
			);
			defaultConfigurationIsVisible = 0;
			defaultConfigurationName = Release;
		};
		314564782008D27800D11E42 /* Build configuration list for PBXNativeTarget "MistletoeTests" */ = {
			isa = XCConfigurationList;
			buildConfigurations = (
				314564792008D27800D11E42 /* Debug */,
				3145647A2008D27800D11E42 /* Release */,
			);
			defaultConfigurationIsVisible = 0;
			defaultConfigurationName = Release;
		};
		3145647B2008D27800D11E42 /* Build configuration list for PBXNativeTarget "MistletoeUITests" */ = {
			isa = XCConfigurationList;
			buildConfigurations = (
				3145647C2008D27800D11E42 /* Debug */,
				3145647D2008D27800D11E42 /* Release */,
			);
			defaultConfigurationIsVisible = 0;
			defaultConfigurationName = Release;
		};
/* End XCConfigurationList section */
	};
	rootObject = 314564452008D27700D11E42 /* Project object */;
}
